// !$*UTF8*$!
{
	archiveVersion = 1;
	classes = {
	};
	objectVersion = 52;
	objects = {

/* Begin PBXBuildFile section */
		B93419A7269BCA9500B027EE /* Alamofire in Frameworks */ = {isa = PBXBuildFile; productRef = B93419A6269BCA9500B027EE /* Alamofire */; };
		B93419AA269BCAB400B027EE /* AlamofireRSSParser in Frameworks */ = {isa = PBXBuildFile; productRef = B93419A9269BCAB400B027EE /* AlamofireRSSParser */; };
		B95DAF842697D6F300AE4E7E /* AppDelegate.swift in Sources */ = {isa = PBXBuildFile; fileRef = B9D3C6682697CDB100EAAE37 /* AppDelegate.swift */; };
		B95DAF852697D6F300AE4E7E /* SceneDelegate.swift in Sources */ = {isa = PBXBuildFile; fileRef = B9D3C66A2697CDB100EAAE37 /* SceneDelegate.swift */; };
		B95DAF862697D6F300AE4E7E /* ContentView.swift in Sources */ = {isa = PBXBuildFile; fileRef = B9D3C66C2697CDB100EAAE37 /* ContentView.swift */; };
		B95DAF892697D6F300AE4E7E /* LaunchScreen.storyboard in Resources */ = {isa = PBXBuildFile; fileRef = B9D3C6732697CDB800EAAE37 /* LaunchScreen.storyboard */; };
		B95DAF8A2697D6F300AE4E7E /* Preview Assets.xcassets in Resources */ = {isa = PBXBuildFile; fileRef = B9D3C6712697CDB800EAAE37 /* Preview Assets.xcassets */; };
		B95DAF8B2697D6F300AE4E7E /* Assets.xcassets in Resources */ = {isa = PBXBuildFile; fileRef = B9D3C66E2697CDB800EAAE37 /* Assets.xcassets */; };
		B9D3C6692697CDB100EAAE37 /* AppDelegate.swift in Sources */ = {isa = PBXBuildFile; fileRef = B9D3C6682697CDB100EAAE37 /* AppDelegate.swift */; };
		B9D3C66B2697CDB100EAAE37 /* SceneDelegate.swift in Sources */ = {isa = PBXBuildFile; fileRef = B9D3C66A2697CDB100EAAE37 /* SceneDelegate.swift */; };
		B9D3C66D2697CDB100EAAE37 /* ContentView.swift in Sources */ = {isa = PBXBuildFile; fileRef = B9D3C66C2697CDB100EAAE37 /* ContentView.swift */; };
		B9D3C66F2697CDB800EAAE37 /* Assets.xcassets in Resources */ = {isa = PBXBuildFile; fileRef = B9D3C66E2697CDB800EAAE37 /* Assets.xcassets */; };
		B9D3C6722697CDB800EAAE37 /* Preview Assets.xcassets in Resources */ = {isa = PBXBuildFile; fileRef = B9D3C6712697CDB800EAAE37 /* Preview Assets.xcassets */; };
		B9D3C6752697CDB800EAAE37 /* LaunchScreen.storyboard in Resources */ = {isa = PBXBuildFile; fileRef = B9D3C6732697CDB800EAAE37 /* LaunchScreen.storyboard */; };
		B9D3C6802697CDB800EAAE37 /* MacReaderTests.swift in Sources */ = {isa = PBXBuildFile; fileRef = B9D3C67F2697CDB800EAAE37 /* MacReaderTests.swift */; };
		B9D3C68B2697CDB800EAAE37 /* MacReaderUITests.swift in Sources */ = {isa = PBXBuildFile; fileRef = B9D3C68A2697CDB800EAAE37 /* MacReaderUITests.swift */; };
/* End PBXBuildFile section */

/* Begin PBXContainerItemProxy section */
		B9D3C67C2697CDB800EAAE37 /* PBXContainerItemProxy */ = {
			isa = PBXContainerItemProxy;
			containerPortal = B9D3C65D2697CDB100EAAE37 /* Project object */;
			proxyType = 1;
			remoteGlobalIDString = B9D3C6642697CDB100EAAE37;
			remoteInfo = MacReader;
		};
		B9D3C6872697CDB800EAAE37 /* PBXContainerItemProxy */ = {
			isa = PBXContainerItemProxy;
			containerPortal = B9D3C65D2697CDB100EAAE37 /* Project object */;
			proxyType = 1;
			remoteGlobalIDString = B9D3C6642697CDB100EAAE37;
			remoteInfo = MacReader;
		};
/* End PBXContainerItemProxy section */

/* Begin PBXFileReference section */
		B95DAF8F2697D6F300AE4E7E /* MacReaderDebug.app */ = {isa = PBXFileReference; explicitFileType = wrapper.application; includeInIndex = 0; path = MacReaderDebug.app; sourceTree = BUILT_PRODUCTS_DIR; };
		B9D3C6652697CDB100EAAE37 /* MacReader.app */ = {isa = PBXFileReference; explicitFileType = wrapper.application; includeInIndex = 0; path = MacReader.app; sourceTree = BUILT_PRODUCTS_DIR; };
		B9D3C6682697CDB100EAAE37 /* AppDelegate.swift */ = {isa = PBXFileReference; lastKnownFileType = sourcecode.swift; path = AppDelegate.swift; sourceTree = "<group>"; };
		B9D3C66A2697CDB100EAAE37 /* SceneDelegate.swift */ = {isa = PBXFileReference; lastKnownFileType = sourcecode.swift; path = SceneDelegate.swift; sourceTree = "<group>"; };
		B9D3C66C2697CDB100EAAE37 /* ContentView.swift */ = {isa = PBXFileReference; lastKnownFileType = sourcecode.swift; path = ContentView.swift; sourceTree = "<group>"; };
		B9D3C66E2697CDB800EAAE37 /* Assets.xcassets */ = {isa = PBXFileReference; lastKnownFileType = folder.assetcatalog; path = Assets.xcassets; sourceTree = "<group>"; };
		B9D3C6712697CDB800EAAE37 /* Preview Assets.xcassets */ = {isa = PBXFileReference; lastKnownFileType = folder.assetcatalog; path = "Preview Assets.xcassets"; sourceTree = "<group>"; };
		B9D3C6742697CDB800EAAE37 /* Base */ = {isa = PBXFileReference; lastKnownFileType = file.storyboard; name = Base; path = Base.lproj/LaunchScreen.storyboard; sourceTree = "<group>"; };
		B9D3C6762697CDB800EAAE37 /* Info.plist */ = {isa = PBXFileReference; lastKnownFileType = text.plist.xml; path = Info.plist; sourceTree = "<group>"; };
		B9D3C67B2697CDB800EAAE37 /* MacReaderTests.xctest */ = {isa = PBXFileReference; explicitFileType = wrapper.cfbundle; includeInIndex = 0; path = MacReaderTests.xctest; sourceTree = BUILT_PRODUCTS_DIR; };
		B9D3C67F2697CDB800EAAE37 /* MacReaderTests.swift */ = {isa = PBXFileReference; lastKnownFileType = sourcecode.swift; path = MacReaderTests.swift; sourceTree = "<group>"; };
		B9D3C6812697CDB800EAAE37 /* Info.plist */ = {isa = PBXFileReference; lastKnownFileType = text.plist.xml; path = Info.plist; sourceTree = "<group>"; };
		B9D3C6862697CDB800EAAE37 /* MacReaderUITests.xctest */ = {isa = PBXFileReference; explicitFileType = wrapper.cfbundle; includeInIndex = 0; path = MacReaderUITests.xctest; sourceTree = BUILT_PRODUCTS_DIR; };
		B9D3C68A2697CDB800EAAE37 /* MacReaderUITests.swift */ = {isa = PBXFileReference; lastKnownFileType = sourcecode.swift; path = MacReaderUITests.swift; sourceTree = "<group>"; };
		B9D3C68C2697CDB800EAAE37 /* Info.plist */ = {isa = PBXFileReference; lastKnownFileType = text.plist.xml; path = Info.plist; sourceTree = "<group>"; };
		B9D3C6982697CDE200EAAE37 /* MacReader.entitlements */ = {isa = PBXFileReference; lastKnownFileType = text.plist.entitlements; path = MacReader.entitlements; sourceTree = "<group>"; };
/* End PBXFileReference section */

/* Begin PBXFrameworksBuildPhase section */
		B95DAF872697D6F300AE4E7E /* Frameworks */ = {
			isa = PBXFrameworksBuildPhase;
			buildActionMask = 2147483647;
			files = (
			);
			runOnlyForDeploymentPostprocessing = 0;
		};
		B9D3C6622697CDB100EAAE37 /* Frameworks */ = {
			isa = PBXFrameworksBuildPhase;
			buildActionMask = 2147483647;
			files = (
				B93419A7269BCA9500B027EE /* Alamofire in Frameworks */,
				B93419AA269BCAB400B027EE /* AlamofireRSSParser in Frameworks */,
			);
			runOnlyForDeploymentPostprocessing = 0;
		};
		B9D3C6782697CDB800EAAE37 /* Frameworks */ = {
			isa = PBXFrameworksBuildPhase;
			buildActionMask = 2147483647;
			files = (
			);
			runOnlyForDeploymentPostprocessing = 0;
		};
		B9D3C6832697CDB800EAAE37 /* Frameworks */ = {
			isa = PBXFrameworksBuildPhase;
			buildActionMask = 2147483647;
			files = (
			);
			runOnlyForDeploymentPostprocessing = 0;
		};
/* End PBXFrameworksBuildPhase section */

/* Begin PBXGroup section */
		B9D3C65C2697CDB100EAAE37 = {
			isa = PBXGroup;
			children = (
				B9D3C6672697CDB100EAAE37 /* MacReader */,
				B9D3C67E2697CDB800EAAE37 /* MacReaderTests */,
				B9D3C6892697CDB800EAAE37 /* MacReaderUITests */,
				B9D3C6662697CDB100EAAE37 /* Products */,
			);
			sourceTree = "<group>";
		};
		B9D3C6662697CDB100EAAE37 /* Products */ = {
			isa = PBXGroup;
			children = (
				B9D3C6652697CDB100EAAE37 /* MacReader.app */,
				B9D3C67B2697CDB800EAAE37 /* MacReaderTests.xctest */,
				B9D3C6862697CDB800EAAE37 /* MacReaderUITests.xctest */,
				B95DAF8F2697D6F300AE4E7E /* MacReaderDebug.app */,
			);
			name = Products;
			sourceTree = "<group>";
		};
		B9D3C6672697CDB100EAAE37 /* MacReader */ = {
			isa = PBXGroup;
			children = (
				B9D3C6982697CDE200EAAE37 /* MacReader.entitlements */,
				B9D3C6682697CDB100EAAE37 /* AppDelegate.swift */,
				B9D3C66A2697CDB100EAAE37 /* SceneDelegate.swift */,
				B9D3C66C2697CDB100EAAE37 /* ContentView.swift */,
				B9D3C66E2697CDB800EAAE37 /* Assets.xcassets */,
				B9D3C6732697CDB800EAAE37 /* LaunchScreen.storyboard */,
				B9D3C6762697CDB800EAAE37 /* Info.plist */,
				B9D3C6702697CDB800EAAE37 /* Preview Content */,
			);
			path = MacReader;
			sourceTree = "<group>";
		};
		B9D3C6702697CDB800EAAE37 /* Preview Content */ = {
			isa = PBXGroup;
			children = (
				B9D3C6712697CDB800EAAE37 /* Preview Assets.xcassets */,
			);
			path = "Preview Content";
			sourceTree = "<group>";
		};
		B9D3C67E2697CDB800EAAE37 /* MacReaderTests */ = {
			isa = PBXGroup;
			children = (
				B9D3C67F2697CDB800EAAE37 /* MacReaderTests.swift */,
				B9D3C6812697CDB800EAAE37 /* Info.plist */,
			);
			path = MacReaderTests;
			sourceTree = "<group>";
		};
		B9D3C6892697CDB800EAAE37 /* MacReaderUITests */ = {
			isa = PBXGroup;
			children = (
				B9D3C68A2697CDB800EAAE37 /* MacReaderUITests.swift */,
				B9D3C68C2697CDB800EAAE37 /* Info.plist */,
			);
			path = MacReaderUITests;
			sourceTree = "<group>";
		};
/* End PBXGroup section */

/* Begin PBXNativeTarget section */
		B95DAF822697D6F300AE4E7E /* MacReaderDebug */ = {
			isa = PBXNativeTarget;
			buildConfigurationList = B95DAF8C2697D6F300AE4E7E /* Build configuration list for PBXNativeTarget "MacReaderDebug" */;
			buildPhases = (
				B95DAF832697D6F300AE4E7E /* Sources */,
				B95DAF872697D6F300AE4E7E /* Frameworks */,
				B95DAF882697D6F300AE4E7E /* Resources */,
			);
			buildRules = (
			);
			dependencies = (
			);
			name = MacReaderDebug;
			productName = MacReader;
			productReference = B95DAF8F2697D6F300AE4E7E /* MacReaderDebug.app */;
			productType = "com.apple.product-type.application";
		};
		B9D3C6642697CDB100EAAE37 /* MacReader */ = {
			isa = PBXNativeTarget;
			buildConfigurationList = B9D3C68F2697CDB800EAAE37 /* Build configuration list for PBXNativeTarget "MacReader" */;
			buildPhases = (
				B9D3C6612697CDB100EAAE37 /* Sources */,
				B9D3C6622697CDB100EAAE37 /* Frameworks */,
				B9D3C6632697CDB100EAAE37 /* Resources */,
			);
			buildRules = (
			);
			dependencies = (
			);
			name = MacReader;
			packageProductDependencies = (
				B93419A6269BCA9500B027EE /* Alamofire */,
				B93419A9269BCAB400B027EE /* AlamofireRSSParser */,
			);
			productName = MacReader;
			productReference = B9D3C6652697CDB100EAAE37 /* MacReader.app */;
			productType = "com.apple.product-type.application";
		};
		B9D3C67A2697CDB800EAAE37 /* MacReaderTests */ = {
			isa = PBXNativeTarget;
			buildConfigurationList = B9D3C6922697CDB800EAAE37 /* Build configuration list for PBXNativeTarget "MacReaderTests" */;
			buildPhases = (
				B9D3C6772697CDB800EAAE37 /* Sources */,
				B9D3C6782697CDB800EAAE37 /* Frameworks */,
				B9D3C6792697CDB800EAAE37 /* Resources */,
			);
			buildRules = (
			);
			dependencies = (
				B9D3C67D2697CDB800EAAE37 /* PBXTargetDependency */,
			);
			name = MacReaderTests;
			productName = MacReaderTests;
			productReference = B9D3C67B2697CDB800EAAE37 /* MacReaderTests.xctest */;
			productType = "com.apple.product-type.bundle.unit-test";
		};
		B9D3C6852697CDB800EAAE37 /* MacReaderUITests */ = {
			isa = PBXNativeTarget;
			buildConfigurationList = B9D3C6952697CDB800EAAE37 /* Build configuration list for PBXNativeTarget "MacReaderUITests" */;
			buildPhases = (
				B9D3C6822697CDB800EAAE37 /* Sources */,
				B9D3C6832697CDB800EAAE37 /* Frameworks */,
				B9D3C6842697CDB800EAAE37 /* Resources */,
			);
			buildRules = (
			);
			dependencies = (
				B9D3C6882697CDB800EAAE37 /* PBXTargetDependency */,
			);
			name = MacReaderUITests;
			productName = MacReaderUITests;
			productReference = B9D3C6862697CDB800EAAE37 /* MacReaderUITests.xctest */;
			productType = "com.apple.product-type.bundle.ui-testing";
		};
/* End PBXNativeTarget section */

/* Begin PBXProject section */
		B9D3C65D2697CDB100EAAE37 /* Project object */ = {
			isa = PBXProject;
			attributes = {
				LastSwiftUpdateCheck = 1250;
				LastUpgradeCheck = 1250;
				TargetAttributes = {
					B9D3C6642697CDB100EAAE37 = {
						CreatedOnToolsVersion = 12.5.1;
					};
					B9D3C67A2697CDB800EAAE37 = {
						CreatedOnToolsVersion = 12.5.1;
						TestTargetID = B9D3C6642697CDB100EAAE37;
					};
					B9D3C6852697CDB800EAAE37 = {
						CreatedOnToolsVersion = 12.5.1;
						TestTargetID = B9D3C6642697CDB100EAAE37;
					};
				};
			};
			buildConfigurationList = B9D3C6602697CDB100EAAE37 /* Build configuration list for PBXProject "MacReader" */;
			compatibilityVersion = "Xcode 9.3";
			developmentRegion = en;
			hasScannedForEncodings = 0;
			knownRegions = (
				en,
				Base,
			);
			mainGroup = B9D3C65C2697CDB100EAAE37;
			packageReferences = (
				B93419A5269BCA9500B027EE /* XCRemoteSwiftPackageReference "Alamofire" */,
				B93419A8269BCAB400B027EE /* XCRemoteSwiftPackageReference "AlamofireRSSParser" */,
			);
			productRefGroup = B9D3C6662697CDB100EAAE37 /* Products */;
			projectDirPath = "";
			projectRoot = "";
			targets = (
				B9D3C6642697CDB100EAAE37 /* MacReader */,
				B95DAF822697D6F300AE4E7E /* MacReaderDebug */,
				B9D3C67A2697CDB800EAAE37 /* MacReaderTests */,
				B9D3C6852697CDB800EAAE37 /* MacReaderUITests */,
			);
		};
/* End PBXProject section */

/* Begin PBXResourcesBuildPhase section */
		B95DAF882697D6F300AE4E7E /* Resources */ = {
			isa = PBXResourcesBuildPhase;
			buildActionMask = 2147483647;
			files = (
				B95DAF892697D6F300AE4E7E /* LaunchScreen.storyboard in Resources */,
				B95DAF8A2697D6F300AE4E7E /* Preview Assets.xcassets in Resources */,
				B95DAF8B2697D6F300AE4E7E /* Assets.xcassets in Resources */,
			);
			runOnlyForDeploymentPostprocessing = 0;
		};
		B9D3C6632697CDB100EAAE37 /* Resources */ = {
			isa = PBXResourcesBuildPhase;
			buildActionMask = 2147483647;
			files = (
				B9D3C6752697CDB800EAAE37 /* LaunchScreen.storyboard in Resources */,
				B9D3C6722697CDB800EAAE37 /* Preview Assets.xcassets in Resources */,
				B9D3C66F2697CDB800EAAE37 /* Assets.xcassets in Resources */,
			);
			runOnlyForDeploymentPostprocessing = 0;
		};
		B9D3C6792697CDB800EAAE37 /* Resources */ = {
			isa = PBXResourcesBuildPhase;
			buildActionMask = 2147483647;
			files = (
			);
			runOnlyForDeploymentPostprocessing = 0;
		};
		B9D3C6842697CDB800EAAE37 /* Resources */ = {
			isa = PBXResourcesBuildPhase;
			buildActionMask = 2147483647;
			files = (
			);
			runOnlyForDeploymentPostprocessing = 0;
		};
/* End PBXResourcesBuildPhase section */

/* Begin PBXSourcesBuildPhase section */
		B95DAF832697D6F300AE4E7E /* Sources */ = {
			isa = PBXSourcesBuildPhase;
			buildActionMask = 2147483647;
			files = (
				B95DAF842697D6F300AE4E7E /* AppDelegate.swift in Sources */,
				B95DAF852697D6F300AE4E7E /* SceneDelegate.swift in Sources */,
				B95DAF862697D6F300AE4E7E /* ContentView.swift in Sources */,
			);
			runOnlyForDeploymentPostprocessing = 0;
		};
		B9D3C6612697CDB100EAAE37 /* Sources */ = {
			isa = PBXSourcesBuildPhase;
			buildActionMask = 2147483647;
			files = (
				B9D3C6692697CDB100EAAE37 /* AppDelegate.swift in Sources */,
				B9D3C66B2697CDB100EAAE37 /* SceneDelegate.swift in Sources */,
				B9D3C66D2697CDB100EAAE37 /* ContentView.swift in Sources */,
			);
			runOnlyForDeploymentPostprocessing = 0;
		};
		B9D3C6772697CDB800EAAE37 /* Sources */ = {
			isa = PBXSourcesBuildPhase;
			buildActionMask = 2147483647;
			files = (
				B9D3C6802697CDB800EAAE37 /* MacReaderTests.swift in Sources */,
			);
			runOnlyForDeploymentPostprocessing = 0;
		};
		B9D3C6822697CDB800EAAE37 /* Sources */ = {
			isa = PBXSourcesBuildPhase;
			buildActionMask = 2147483647;
			files = (
				B9D3C68B2697CDB800EAAE37 /* MacReaderUITests.swift in Sources */,
			);
			runOnlyForDeploymentPostprocessing = 0;
		};
/* End PBXSourcesBuildPhase section */

/* Begin PBXTargetDependency section */
		B9D3C67D2697CDB800EAAE37 /* PBXTargetDependency */ = {
			isa = PBXTargetDependency;
			target = B9D3C6642697CDB100EAAE37 /* MacReader */;
			targetProxy = B9D3C67C2697CDB800EAAE37 /* PBXContainerItemProxy */;
		};
		B9D3C6882697CDB800EAAE37 /* PBXTargetDependency */ = {
			isa = PBXTargetDependency;
			target = B9D3C6642697CDB100EAAE37 /* MacReader */;
			targetProxy = B9D3C6872697CDB800EAAE37 /* PBXContainerItemProxy */;
		};
/* End PBXTargetDependency section */

/* Begin PBXVariantGroup section */
		B9D3C6732697CDB800EAAE37 /* LaunchScreen.storyboard */ = {
			isa = PBXVariantGroup;
			children = (
				B9D3C6742697CDB800EAAE37 /* Base */,
			);
			name = LaunchScreen.storyboard;
			sourceTree = "<group>";
		};
/* End PBXVariantGroup section */

/* Begin XCBuildConfiguration section */
		B95DAF8D2697D6F300AE4E7E /* Debug */ = {
			isa = XCBuildConfiguration;
			buildSettings = {
				ASSETCATALOG_COMPILER_APPICON_NAME = AppIcon;
				ASSETCATALOG_COMPILER_GLOBAL_ACCENT_COLOR_NAME = AccentColor;
				CODE_SIGN_ENTITLEMENTS = MacReader/MacReader.entitlements;
				CODE_SIGN_STYLE = Automatic;
				DEVELOPMENT_ASSET_PATHS = "\"MacReader/Preview Content\"";
				DEVELOPMENT_TEAM = X7VAV4CD49;
				ENABLE_PREVIEWS = YES;
				INFOPLIST_FILE = MacReader/Info.plist;
				LD_RUNPATH_SEARCH_PATHS = (
					"$(inherited)",
					"@executable_path/Frameworks",
				);
				PRODUCT_BUNDLE_IDENTIFIER = org.aill.MacReaderDebug;
				PRODUCT_NAME = "$(TARGET_NAME)";
				SUPPORTS_MACCATALYST = YES;
				SWIFT_VERSION = 5.0;
				TARGETED_DEVICE_FAMILY = "2,6";
			};
			name = Debug;
		};
		B95DAF8E2697D6F300AE4E7E /* Release */ = {
			isa = XCBuildConfiguration;
			buildSettings = {
				ASSETCATALOG_COMPILER_APPICON_NAME = AppIcon;
				ASSETCATALOG_COMPILER_GLOBAL_ACCENT_COLOR_NAME = AccentColor;
				CODE_SIGN_ENTITLEMENTS = MacReader/MacReader.entitlements;
				CODE_SIGN_STYLE = Automatic;
				DEVELOPMENT_ASSET_PATHS = "\"MacReader/Preview Content\"";
				DEVELOPMENT_TEAM = X7VAV4CD49;
				ENABLE_PREVIEWS = YES;
				INFOPLIST_FILE = MacReader/Info.plist;
				LD_RUNPATH_SEARCH_PATHS = (
					"$(inherited)",
					"@executable_path/Frameworks",
				);
				PRODUCT_BUNDLE_IDENTIFIER = org.aill.MacReaderDebug;
				PRODUCT_NAME = "$(TARGET_NAME)";
				SUPPORTS_MACCATALYST = YES;
				SWIFT_VERSION = 5.0;
				TARGETED_DEVICE_FAMILY = "2,6";
			};
			name = Release;
		};
		B9D3C68D2697CDB800EAAE37 /* Debug */ = {
			isa = XCBuildConfiguration;
			buildSettings = {
				ALWAYS_SEARCH_USER_PATHS = NO;
				CLANG_ANALYZER_NONNULL = YES;
				CLANG_ANALYZER_NUMBER_OBJECT_CONVERSION = YES_AGGRESSIVE;
				CLANG_CXX_LANGUAGE_STANDARD = "gnu++14";
				CLANG_CXX_LIBRARY = "libc++";
				CLANG_ENABLE_MODULES = YES;
				CLANG_ENABLE_OBJC_ARC = YES;
				CLANG_ENABLE_OBJC_WEAK = YES;
				CLANG_WARN_BLOCK_CAPTURE_AUTORELEASING = YES;
				CLANG_WARN_BOOL_CONVERSION = YES;
				CLANG_WARN_COMMA = YES;
				CLANG_WARN_CONSTANT_CONVERSION = YES;
				CLANG_WARN_DEPRECATED_OBJC_IMPLEMENTATIONS = YES;
				CLANG_WARN_DIRECT_OBJC_ISA_USAGE = YES_ERROR;
				CLANG_WARN_DOCUMENTATION_COMMENTS = YES;
				CLANG_WARN_EMPTY_BODY = YES;
				CLANG_WARN_ENUM_CONVERSION = YES;
				CLANG_WARN_INFINITE_RECURSION = YES;
				CLANG_WARN_INT_CONVERSION = YES;
				CLANG_WARN_NON_LITERAL_NULL_CONVERSION = YES;
				CLANG_WARN_OBJC_IMPLICIT_RETAIN_SELF = YES;
				CLANG_WARN_OBJC_LITERAL_CONVERSION = YES;
				CLANG_WARN_OBJC_ROOT_CLASS = YES_ERROR;
				CLANG_WARN_QUOTED_INCLUDE_IN_FRAMEWORK_HEADER = YES;
				CLANG_WARN_RANGE_LOOP_ANALYSIS = YES;
				CLANG_WARN_STRICT_PROTOTYPES = YES;
				CLANG_WARN_SUSPICIOUS_MOVE = YES;
				CLANG_WARN_UNGUARDED_AVAILABILITY = YES_AGGRESSIVE;
				CLANG_WARN_UNREACHABLE_CODE = YES;
				CLANG_WARN__DUPLICATE_METHOD_MATCH = YES;
				COPY_PHASE_STRIP = NO;
				DEBUG_INFORMATION_FORMAT = dwarf;
				ENABLE_STRICT_OBJC_MSGSEND = YES;
				ENABLE_TESTABILITY = YES;
				GCC_C_LANGUAGE_STANDARD = gnu11;
				GCC_DYNAMIC_NO_PIC = NO;
				GCC_NO_COMMON_BLOCKS = YES;
				GCC_OPTIMIZATION_LEVEL = 0;
				GCC_PREPROCESSOR_DEFINITIONS = (
					"DEBUG=1",
					"$(inherited)",
				);
				GCC_WARN_64_TO_32_BIT_CONVERSION = YES;
				GCC_WARN_ABOUT_RETURN_TYPE = YES_ERROR;
				GCC_WARN_UNDECLARED_SELECTOR = YES;
				GCC_WARN_UNINITIALIZED_AUTOS = YES_AGGRESSIVE;
				GCC_WARN_UNUSED_FUNCTION = YES;
				GCC_WARN_UNUSED_VARIABLE = YES;
				IPHONEOS_DEPLOYMENT_TARGET = 14.5;
				MTL_ENABLE_DEBUG_INFO = INCLUDE_SOURCE;
				MTL_FAST_MATH = YES;
				ONLY_ACTIVE_ARCH = YES;
				SDKROOT = iphoneos;
				SWIFT_ACTIVE_COMPILATION_CONDITIONS = DEBUG;
				SWIFT_OPTIMIZATION_LEVEL = "-Onone";
			};
			name = Debug;
		};
		B9D3C68E2697CDB800EAAE37 /* Release */ = {
			isa = XCBuildConfiguration;
			buildSettings = {
				ALWAYS_SEARCH_USER_PATHS = NO;
				CLANG_ANALYZER_NONNULL = YES;
				CLANG_ANALYZER_NUMBER_OBJECT_CONVERSION = YES_AGGRESSIVE;
				CLANG_CXX_LANGUAGE_STANDARD = "gnu++14";
				CLANG_CXX_LIBRARY = "libc++";
				CLANG_ENABLE_MODULES = YES;
				CLANG_ENABLE_OBJC_ARC = YES;
				CLANG_ENABLE_OBJC_WEAK = YES;
				CLANG_WARN_BLOCK_CAPTURE_AUTORELEASING = YES;
				CLANG_WARN_BOOL_CONVERSION = YES;
				CLANG_WARN_COMMA = YES;
				CLANG_WARN_CONSTANT_CONVERSION = YES;
				CLANG_WARN_DEPRECATED_OBJC_IMPLEMENTATIONS = YES;
				CLANG_WARN_DIRECT_OBJC_ISA_USAGE = YES_ERROR;
				CLANG_WARN_DOCUMENTATION_COMMENTS = YES;
				CLANG_WARN_EMPTY_BODY = YES;
				CLANG_WARN_ENUM_CONVERSION = YES;
				CLANG_WARN_INFINITE_RECURSION = YES;
				CLANG_WARN_INT_CONVERSION = YES;
				CLANG_WARN_NON_LITERAL_NULL_CONVERSION = YES;
				CLANG_WARN_OBJC_IMPLICIT_RETAIN_SELF = YES;
				CLANG_WARN_OBJC_LITERAL_CONVERSION = YES;
				CLANG_WARN_OBJC_ROOT_CLASS = YES_ERROR;
				CLANG_WARN_QUOTED_INCLUDE_IN_FRAMEWORK_HEADER = YES;
				CLANG_WARN_RANGE_LOOP_ANALYSIS = YES;
				CLANG_WARN_STRICT_PROTOTYPES = YES;
				CLANG_WARN_SUSPICIOUS_MOVE = YES;
				CLANG_WARN_UNGUARDED_AVAILABILITY = YES_AGGRESSIVE;
				CLANG_WARN_UNREACHABLE_CODE = YES;
				CLANG_WARN__DUPLICATE_METHOD_MATCH = YES;
				COPY_PHASE_STRIP = NO;
				DEBUG_INFORMATION_FORMAT = "dwarf-with-dsym";
				ENABLE_NS_ASSERTIONS = NO;
				ENABLE_STRICT_OBJC_MSGSEND = YES;
				GCC_C_LANGUAGE_STANDARD = gnu11;
				GCC_NO_COMMON_BLOCKS = YES;
				GCC_WARN_64_TO_32_BIT_CONVERSION = YES;
				GCC_WARN_ABOUT_RETURN_TYPE = YES_ERROR;
				GCC_WARN_UNDECLARED_SELECTOR = YES;
				GCC_WARN_UNINITIALIZED_AUTOS = YES_AGGRESSIVE;
				GCC_WARN_UNUSED_FUNCTION = YES;
				GCC_WARN_UNUSED_VARIABLE = YES;
				IPHONEOS_DEPLOYMENT_TARGET = 14.5;
				MTL_ENABLE_DEBUG_INFO = NO;
				MTL_FAST_MATH = YES;
				SDKROOT = iphoneos;
				SWIFT_COMPILATION_MODE = wholemodule;
				SWIFT_OPTIMIZATION_LEVEL = "-O";
				VALIDATE_PRODUCT = YES;
			};
			name = Release;
		};
		B9D3C6902697CDB800EAAE37 /* Debug */ = {
			isa = XCBuildConfiguration;
			buildSettings = {
				ASSETCATALOG_COMPILER_APPICON_NAME = AppIcon;
				ASSETCATALOG_COMPILER_GLOBAL_ACCENT_COLOR_NAME = AccentColor;
				CODE_SIGN_ENTITLEMENTS = MacReader/MacReader.entitlements;
				CODE_SIGN_STYLE = Automatic;
				DEVELOPMENT_ASSET_PATHS = "\"MacReader/Preview Content\"";
				DEVELOPMENT_TEAM = X7VAV4CD49;
				ENABLE_PREVIEWS = YES;
				INFOPLIST_FILE = MacReader/Info.plist;
				LD_RUNPATH_SEARCH_PATHS = (
					"$(inherited)",
					"@executable_path/Frameworks",
				);
				PRODUCT_BUNDLE_IDENTIFIER = org.aill.MacReader;
				PRODUCT_NAME = "$(TARGET_NAME)";
				SUPPORTS_MACCATALYST = YES;
				SWIFT_VERSION = 5.0;
				TARGETED_DEVICE_FAMILY = "2,6";
			};
			name = Debug;
		};
		B9D3C6912697CDB800EAAE37 /* Release */ = {
			isa = XCBuildConfiguration;
			buildSettings = {
				ASSETCATALOG_COMPILER_APPICON_NAME = AppIcon;
				ASSETCATALOG_COMPILER_GLOBAL_ACCENT_COLOR_NAME = AccentColor;
				CODE_SIGN_ENTITLEMENTS = MacReader/MacReader.entitlements;
				CODE_SIGN_STYLE = Automatic;
				DEVELOPMENT_ASSET_PATHS = "\"MacReader/Preview Content\"";
				DEVELOPMENT_TEAM = X7VAV4CD49;
				ENABLE_PREVIEWS = YES;
				INFOPLIST_FILE = MacReader/Info.plist;
				LD_RUNPATH_SEARCH_PATHS = (
					"$(inherited)",
					"@executable_path/Frameworks",
				);
				PRODUCT_BUNDLE_IDENTIFIER = org.aill.MacReader;
				PRODUCT_NAME = "$(TARGET_NAME)";
				SUPPORTS_MACCATALYST = YES;
				SWIFT_VERSION = 5.0;
				TARGETED_DEVICE_FAMILY = "2,6";
			};
			name = Release;
		};
		B9D3C6932697CDB800EAAE37 /* Debug */ = {
			isa = XCBuildConfiguration;
			buildSettings = {
				ALWAYS_EMBED_SWIFT_STANDARD_LIBRARIES = YES;
				BUNDLE_LOADER = "$(TEST_HOST)";
				CODE_SIGN_STYLE = Automatic;
				DEVELOPMENT_TEAM = X7VAV4CD49;
				INFOPLIST_FILE = MacReaderTests/Info.plist;
				IPHONEOS_DEPLOYMENT_TARGET = 14.5;
				LD_RUNPATH_SEARCH_PATHS = (
					"$(inherited)",
					"@executable_path/Frameworks",
					"@loader_path/Frameworks",
				);
				PRODUCT_BUNDLE_IDENTIFIER = org.aill.MacReaderTests;
				PRODUCT_NAME = "$(TARGET_NAME)";
				SWIFT_VERSION = 5.0;
				TARGETED_DEVICE_FAMILY = "1,2";
				TEST_HOST = "$(BUILT_PRODUCTS_DIR)/MacReader.app/MacReader";
			};
			name = Debug;
		};
		B9D3C6942697CDB800EAAE37 /* Release */ = {
			isa = XCBuildConfiguration;
			buildSettings = {
				ALWAYS_EMBED_SWIFT_STANDARD_LIBRARIES = YES;
				BUNDLE_LOADER = "$(TEST_HOST)";
				CODE_SIGN_STYLE = Automatic;
				DEVELOPMENT_TEAM = X7VAV4CD49;
				INFOPLIST_FILE = MacReaderTests/Info.plist;
				IPHONEOS_DEPLOYMENT_TARGET = 14.5;
				LD_RUNPATH_SEARCH_PATHS = (
					"$(inherited)",
					"@executable_path/Frameworks",
					"@loader_path/Frameworks",
				);
				PRODUCT_BUNDLE_IDENTIFIER = org.aill.MacReaderTests;
				PRODUCT_NAME = "$(TARGET_NAME)";
				SWIFT_VERSION = 5.0;
				TARGETED_DEVICE_FAMILY = "1,2";
				TEST_HOST = "$(BUILT_PRODUCTS_DIR)/MacReader.app/MacReader";
			};
			name = Release;
		};
		B9D3C6962697CDB800EAAE37 /* Debug */ = {
			isa = XCBuildConfiguration;
			buildSettings = {
				ALWAYS_EMBED_SWIFT_STANDARD_LIBRARIES = YES;
				CODE_SIGN_STYLE = Automatic;
				DEVELOPMENT_TEAM = X7VAV4CD49;
				INFOPLIST_FILE = MacReaderUITests/Info.plist;
				LD_RUNPATH_SEARCH_PATHS = (
					"$(inherited)",
					"@executable_path/Frameworks",
					"@loader_path/Frameworks",
				);
				PRODUCT_BUNDLE_IDENTIFIER = org.aill.MacReaderUITests;
				PRODUCT_NAME = "$(TARGET_NAME)";
				SWIFT_VERSION = 5.0;
				TARGETED_DEVICE_FAMILY = "1,2";
				TEST_TARGET_NAME = MacReader;
			};
			name = Debug;
		};
		B9D3C6972697CDB800EAAE37 /* Release */ = {
			isa = XCBuildConfiguration;
			buildSettings = {
				ALWAYS_EMBED_SWIFT_STANDARD_LIBRARIES = YES;
				CODE_SIGN_STYLE = Automatic;
				DEVELOPMENT_TEAM = X7VAV4CD49;
				INFOPLIST_FILE = MacReaderUITests/Info.plist;
				LD_RUNPATH_SEARCH_PATHS = (
					"$(inherited)",
					"@executable_path/Frameworks",
					"@loader_path/Frameworks",
				);
				PRODUCT_BUNDLE_IDENTIFIER = org.aill.MacReaderUITests;
				PRODUCT_NAME = "$(TARGET_NAME)";
				SWIFT_VERSION = 5.0;
				TARGETED_DEVICE_FAMILY = "1,2";
				TEST_TARGET_NAME = MacReader;
			};
			name = Release;
		};
/* End XCBuildConfiguration section */

/* Begin XCConfigurationList section */
		B95DAF8C2697D6F300AE4E7E /* Build configuration list for PBXNativeTarget "MacReaderDebug" */ = {
			isa = XCConfigurationList;
			buildConfigurations = (
				B95DAF8D2697D6F300AE4E7E /* Debug */,
				B95DAF8E2697D6F300AE4E7E /* Release */,
			);
			defaultConfigurationIsVisible = 0;
			defaultConfigurationName = Release;
		};
		B9D3C6602697CDB100EAAE37 /* Build configuration list for PBXProject "MacReader" */ = {
			isa = XCConfigurationList;
			buildConfigurations = (
				B9D3C68D2697CDB800EAAE37 /* Debug */,
				B9D3C68E2697CDB800EAAE37 /* Release */,
			);
			defaultConfigurationIsVisible = 0;
			defaultConfigurationName = Release;
		};
		B9D3C68F2697CDB800EAAE37 /* Build configuration list for PBXNativeTarget "MacReader" */ = {
			isa = XCConfigurationList;
			buildConfigurations = (
				B9D3C6902697CDB800EAAE37 /* Debug */,
				B9D3C6912697CDB800EAAE37 /* Release */,
			);
			defaultConfigurationIsVisible = 0;
			defaultConfigurationName = Release;
		};
		B9D3C6922697CDB800EAAE37 /* Build configuration list for PBXNativeTarget "MacReaderTests" */ = {
			isa = XCConfigurationList;
			buildConfigurations = (
				B9D3C6932697CDB800EAAE37 /* Debug */,
				B9D3C6942697CDB800EAAE37 /* Release */,
			);
			defaultConfigurationIsVisible = 0;
			defaultConfigurationName = Release;
		};
		B9D3C6952697CDB800EAAE37 /* Build configuration list for PBXNativeTarget "MacReaderUITests" */ = {
			isa = XCConfigurationList;
			buildConfigurations = (
				B9D3C6962697CDB800EAAE37 /* Debug */,
				B9D3C6972697CDB800EAAE37 /* Release */,
			);
			defaultConfigurationIsVisible = 0;
			defaultConfigurationName = Release;
		};
/* End XCConfigurationList section */

/* Begin XCRemoteSwiftPackageReference section */
		B93419A5269BCA9500B027EE /* XCRemoteSwiftPackageReference "Alamofire" */ = {
			isa = XCRemoteSwiftPackageReference;
			repositoryURL = "https://github.com/Alamofire/Alamofire.git";
			requirement = {
				kind = upToNextMajorVersion;
				minimumVersion = 5.4.3;
			};
		};
		B93419A8269BCAB400B027EE /* XCRemoteSwiftPackageReference "AlamofireRSSParser" */ = {
			isa = XCRemoteSwiftPackageReference;
			repositoryURL = "https://github.com/StanislauRubasheuski/AlamofireRSSParser.git";
			requirement = {
				branch = spm_dependency;
				kind = branch;
			};
		};
/* End XCRemoteSwiftPackageReference section */

/* Begin XCSwiftPackageProductDependency section */
		B93419A6269BCA9500B027EE /* Alamofire */ = {
			isa = XCSwiftPackageProductDependency;
			package = B93419A5269BCA9500B027EE /* XCRemoteSwiftPackageReference "Alamofire" */;
			productName = Alamofire;
		};
		B93419A9269BCAB400B027EE /* AlamofireRSSParser */ = {
			isa = XCSwiftPackageProductDependency;
			package = B93419A8269BCAB400B027EE /* XCRemoteSwiftPackageReference "AlamofireRSSParser" */;
			productName = AlamofireRSSParser;
		};
/* End XCSwiftPackageProductDependency section */
	};
	rootObject = B9D3C65D2697CDB100EAAE37 /* Project object */;
}
