// !$*UTF8*$!
{
	archiveVersion = 1;
	classes = {
	};
	objectVersion = 51;
	objects = {

/* Begin PBXBuildFile section */
		19E1E8F9753D621BF8624F53 /* Pods_MacReader.framework in Frameworks */ = {isa = PBXBuildFile; fileRef = EE771424CCBC3F6B948AFA9B /* Pods_MacReader.framework */; };
		B95DAF842697D6F300AE4E7E /* AppDelegate.swift in Sources */ = {isa = PBXBuildFile; fileRef = B9D3C6682697CDB100EAAE37 /* AppDelegate.swift */; };
		B95DAF852697D6F300AE4E7E /* SceneDelegate.swift in Sources */ = {isa = PBXBuildFile; fileRef = B9D3C66A2697CDB100EAAE37 /* SceneDelegate.swift */; };
		B95DAF862697D6F300AE4E7E /* FeedListView.swift in Sources */ = {isa = PBXBuildFile; fileRef = B9D3C66C2697CDB100EAAE37 /* FeedListView.swift */; };
		B95DAF892697D6F300AE4E7E /* LaunchScreen.storyboard in Resources */ = {isa = PBXBuildFile; fileRef = B9D3C6732697CDB800EAAE37 /* LaunchScreen.storyboard */; };
		B95DAF8A2697D6F300AE4E7E /* Preview Assets.xcassets in Resources */ = {isa = PBXBuildFile; fileRef = B9D3C6712697CDB800EAAE37 /* Preview Assets.xcassets */; };
		B95DAF8B2697D6F300AE4E7E /* Assets.xcassets in Resources */ = {isa = PBXBuildFile; fileRef = B9D3C66E2697CDB800EAAE37 /* Assets.xcassets */; };
		B9C1BAD5269D331A00CEE0F2 /* WebView.swift in Sources */ = {isa = PBXBuildFile; fileRef = B9C1BAD4269D331900CEE0F2 /* WebView.swift */; };
		B9C1BAD6269D331A00CEE0F2 /* WebView.swift in Sources */ = {isa = PBXBuildFile; fileRef = B9C1BAD4269D331900CEE0F2 /* WebView.swift */; };
		B9C1BAD8269D5B9A00CEE0F2 /* FeedListViewModel.swift in Sources */ = {isa = PBXBuildFile; fileRef = B9C1BAD7269D5B9A00CEE0F2 /* FeedListViewModel.swift */; };
		B9C1BAD9269D5B9A00CEE0F2 /* FeedListViewModel.swift in Sources */ = {isa = PBXBuildFile; fileRef = B9C1BAD7269D5B9A00CEE0F2 /* FeedListViewModel.swift */; };
		B9C1BADB269D5DC800CEE0F2 /* FeedDetailView.swift in Sources */ = {isa = PBXBuildFile; fileRef = B9C1BADA269D5DC800CEE0F2 /* FeedDetailView.swift */; };
		B9C1BADC269D5DC800CEE0F2 /* FeedDetailView.swift in Sources */ = {isa = PBXBuildFile; fileRef = B9C1BADA269D5DC800CEE0F2 /* FeedDetailView.swift */; };
		B9D3C6692697CDB100EAAE37 /* AppDelegate.swift in Sources */ = {isa = PBXBuildFile; fileRef = B9D3C6682697CDB100EAAE37 /* AppDelegate.swift */; };
		B9D3C66B2697CDB100EAAE37 /* SceneDelegate.swift in Sources */ = {isa = PBXBuildFile; fileRef = B9D3C66A2697CDB100EAAE37 /* SceneDelegate.swift */; };
		B9D3C66D2697CDB100EAAE37 /* FeedListView.swift in Sources */ = {isa = PBXBuildFile; fileRef = B9D3C66C2697CDB100EAAE37 /* FeedListView.swift */; };
		B9D3C66F2697CDB800EAAE37 /* Assets.xcassets in Resources */ = {isa = PBXBuildFile; fileRef = B9D3C66E2697CDB800EAAE37 /* Assets.xcassets */; };
		B9D3C6722697CDB800EAAE37 /* Preview Assets.xcassets in Resources */ = {isa = PBXBuildFile; fileRef = B9D3C6712697CDB800EAAE37 /* Preview Assets.xcassets */; };
		B9D3C6752697CDB800EAAE37 /* LaunchScreen.storyboard in Resources */ = {isa = PBXBuildFile; fileRef = B9D3C6732697CDB800EAAE37 /* LaunchScreen.storyboard */; };
		B9D3C6802697CDB800EAAE37 /* MacReaderTests.swift in Sources */ = {isa = PBXBuildFile; fileRef = B9D3C67F2697CDB800EAAE37 /* MacReaderTests.swift */; };
		B9D3C68B2697CDB800EAAE37 /* MacReaderUITests.swift in Sources */ = {isa = PBXBuildFile; fileRef = B9D3C68A2697CDB800EAAE37 /* MacReaderUITests.swift */; };
		EA8E3F6B084A376BE114C21B /* Pods_MacReaderDebug.framework in Frameworks */ = {isa = PBXBuildFile; fileRef = 1FF49C52391EF784EB5386A2 /* Pods_MacReaderDebug.framework */; };
		ED87D6315F18450B2950FDE5 /* Pods_MacReader_MacReaderUITests.framework in Frameworks */ = {isa = PBXBuildFile; fileRef = 7B5FB611BC12A90FD05E0227 /* Pods_MacReader_MacReaderUITests.framework */; };
		F23F93B55CC09914BFA2675D /* Pods_MacReaderTests.framework in Frameworks */ = {isa = PBXBuildFile; fileRef = 26748A79F54C8CF9DA5434B7 /* Pods_MacReaderTests.framework */; };
/* End PBXBuildFile section */

/* Begin PBXContainerItemProxy section */
		B9D3C67C2697CDB800EAAE37 /* PBXContainerItemProxy */ = {
			isa = PBXContainerItemProxy;
			containerPortal = B9D3C65D2697CDB100EAAE37 /* Project object */;
			proxyType = 1;
			remoteGlobalIDString = B9D3C6642697CDB100EAAE37;
			remoteInfo = MacReader;
		};
		B9D3C6872697CDB800EAAE37 /* PBXContainerItemProxy */ = {
			isa = PBXContainerItemProxy;
			containerPortal = B9D3C65D2697CDB100EAAE37 /* Project object */;
			proxyType = 1;
			remoteGlobalIDString = B9D3C6642697CDB100EAAE37;
			remoteInfo = MacReader;
		};
/* End PBXContainerItemProxy section */

/* Begin PBXFileReference section */
		194AFA244C119E6457F40E25 /* Pods-MacReaderDebug.debug.xcconfig */ = {isa = PBXFileReference; includeInIndex = 1; lastKnownFileType = text.xcconfig; name = "Pods-MacReaderDebug.debug.xcconfig"; path = "Target Support Files/Pods-MacReaderDebug/Pods-MacReaderDebug.debug.xcconfig"; sourceTree = "<group>"; };
		1FF49C52391EF784EB5386A2 /* Pods_MacReaderDebug.framework */ = {isa = PBXFileReference; explicitFileType = wrapper.framework; includeInIndex = 0; path = Pods_MacReaderDebug.framework; sourceTree = BUILT_PRODUCTS_DIR; };
		26748A79F54C8CF9DA5434B7 /* Pods_MacReaderTests.framework */ = {isa = PBXFileReference; explicitFileType = wrapper.framework; includeInIndex = 0; path = Pods_MacReaderTests.framework; sourceTree = BUILT_PRODUCTS_DIR; };
		41D0DEF6780823C0E18D4C8D /* Pods-MacReader-MacReaderUITests.release.xcconfig */ = {isa = PBXFileReference; includeInIndex = 1; lastKnownFileType = text.xcconfig; name = "Pods-MacReader-MacReaderUITests.release.xcconfig"; path = "Target Support Files/Pods-MacReader-MacReaderUITests/Pods-MacReader-MacReaderUITests.release.xcconfig"; sourceTree = "<group>"; };
		6848AEC611284185E8A5B28D /* Pods-MacReader.release.xcconfig */ = {isa = PBXFileReference; includeInIndex = 1; lastKnownFileType = text.xcconfig; name = "Pods-MacReader.release.xcconfig"; path = "Target Support Files/Pods-MacReader/Pods-MacReader.release.xcconfig"; sourceTree = "<group>"; };
		72A36C38BC35F7490A33BB08 /* Pods-MacReader-MacReaderUITests.debug.xcconfig */ = {isa = PBXFileReference; includeInIndex = 1; lastKnownFileType = text.xcconfig; name = "Pods-MacReader-MacReaderUITests.debug.xcconfig"; path = "Target Support Files/Pods-MacReader-MacReaderUITests/Pods-MacReader-MacReaderUITests.debug.xcconfig"; sourceTree = "<group>"; };
		7B5FB611BC12A90FD05E0227 /* Pods_MacReader_MacReaderUITests.framework */ = {isa = PBXFileReference; explicitFileType = wrapper.framework; includeInIndex = 0; path = Pods_MacReader_MacReaderUITests.framework; sourceTree = BUILT_PRODUCTS_DIR; };
		A406E153FD45F76C631CB2C9 /* Pods-MacReaderTests.release.xcconfig */ = {isa = PBXFileReference; includeInIndex = 1; lastKnownFileType = text.xcconfig; name = "Pods-MacReaderTests.release.xcconfig"; path = "Target Support Files/Pods-MacReaderTests/Pods-MacReaderTests.release.xcconfig"; sourceTree = "<group>"; };
		ABAC961B253134AEE8974926 /* Pods-MacReaderTests.debug.xcconfig */ = {isa = PBXFileReference; includeInIndex = 1; lastKnownFileType = text.xcconfig; name = "Pods-MacReaderTests.debug.xcconfig"; path = "Target Support Files/Pods-MacReaderTests/Pods-MacReaderTests.debug.xcconfig"; sourceTree = "<group>"; };
		B95DAF8F2697D6F300AE4E7E /* MacReaderDebug.app */ = {isa = PBXFileReference; explicitFileType = wrapper.application; includeInIndex = 0; path = MacReaderDebug.app; sourceTree = BUILT_PRODUCTS_DIR; };
		B9C1BAD4269D331900CEE0F2 /* WebView.swift */ = {isa = PBXFileReference; lastKnownFileType = sourcecode.swift; path = WebView.swift; sourceTree = "<group>"; };
		B9C1BAD7269D5B9A00CEE0F2 /* FeedListViewModel.swift */ = {isa = PBXFileReference; lastKnownFileType = sourcecode.swift; path = FeedListViewModel.swift; sourceTree = "<group>"; };
		B9C1BADA269D5DC800CEE0F2 /* FeedDetailView.swift */ = {isa = PBXFileReference; lastKnownFileType = sourcecode.swift; path = FeedDetailView.swift; sourceTree = "<group>"; };
		B9D3C6652697CDB100EAAE37 /* MacReader.app */ = {isa = PBXFileReference; explicitFileType = wrapper.application; includeInIndex = 0; path = MacReader.app; sourceTree = BUILT_PRODUCTS_DIR; };
		B9D3C6682697CDB100EAAE37 /* AppDelegate.swift */ = {isa = PBXFileReference; lastKnownFileType = sourcecode.swift; path = AppDelegate.swift; sourceTree = "<group>"; };
		B9D3C66A2697CDB100EAAE37 /* SceneDelegate.swift */ = {isa = PBXFileReference; lastKnownFileType = sourcecode.swift; path = SceneDelegate.swift; sourceTree = "<group>"; };
		B9D3C66C2697CDB100EAAE37 /* FeedListView.swift */ = {isa = PBXFileReference; lastKnownFileType = sourcecode.swift; path = FeedListView.swift; sourceTree = "<group>"; };
		B9D3C66E2697CDB800EAAE37 /* Assets.xcassets */ = {isa = PBXFileReference; lastKnownFileType = folder.assetcatalog; path = Assets.xcassets; sourceTree = "<group>"; };
		B9D3C6712697CDB800EAAE37 /* Preview Assets.xcassets */ = {isa = PBXFileReference; lastKnownFileType = folder.assetcatalog; path = "Preview Assets.xcassets"; sourceTree = "<group>"; };
		B9D3C6742697CDB800EAAE37 /* Base */ = {isa = PBXFileReference; lastKnownFileType = file.storyboard; name = Base; path = Base.lproj/LaunchScreen.storyboard; sourceTree = "<group>"; };
		B9D3C6762697CDB800EAAE37 /* Info.plist */ = {isa = PBXFileReference; lastKnownFileType = text.plist.xml; path = Info.plist; sourceTree = "<group>"; };
		B9D3C67B2697CDB800EAAE37 /* MacReaderTests.xctest */ = {isa = PBXFileReference; explicitFileType = wrapper.cfbundle; includeInIndex = 0; path = MacReaderTests.xctest; sourceTree = BUILT_PRODUCTS_DIR; };
		B9D3C67F2697CDB800EAAE37 /* MacReaderTests.swift */ = {isa = PBXFileReference; lastKnownFileType = sourcecode.swift; path = MacReaderTests.swift; sourceTree = "<group>"; };
		B9D3C6812697CDB800EAAE37 /* Info.plist */ = {isa = PBXFileReference; lastKnownFileType = text.plist.xml; path = Info.plist; sourceTree = "<group>"; };
		B9D3C6862697CDB800EAAE37 /* MacReaderUITests.xctest */ = {isa = PBXFileReference; explicitFileType = wrapper.cfbundle; includeInIndex = 0; path = MacReaderUITests.xctest; sourceTree = BUILT_PRODUCTS_DIR; };
		B9D3C68A2697CDB800EAAE37 /* MacReaderUITests.swift */ = {isa = PBXFileReference; lastKnownFileType = sourcecode.swift; path = MacReaderUITests.swift; sourceTree = "<group>"; };
		B9D3C68C2697CDB800EAAE37 /* Info.plist */ = {isa = PBXFileReference; lastKnownFileType = text.plist.xml; path = Info.plist; sourceTree = "<group>"; };
		B9D3C6982697CDE200EAAE37 /* MacReader.entitlements */ = {isa = PBXFileReference; lastKnownFileType = text.plist.entitlements; path = MacReader.entitlements; sourceTree = "<group>"; };
		BB8A239D885638AF51DE5EB0 /* Pods-MacReader.debug.xcconfig */ = {isa = PBXFileReference; includeInIndex = 1; lastKnownFileType = text.xcconfig; name = "Pods-MacReader.debug.xcconfig"; path = "Target Support Files/Pods-MacReader/Pods-MacReader.debug.xcconfig"; sourceTree = "<group>"; };
		D9E9F191E4D0DBCFA4C3AF84 /* Pods-MacReaderDebug.release.xcconfig */ = {isa = PBXFileReference; includeInIndex = 1; lastKnownFileType = text.xcconfig; name = "Pods-MacReaderDebug.release.xcconfig"; path = "Target Support Files/Pods-MacReaderDebug/Pods-MacReaderDebug.release.xcconfig"; sourceTree = "<group>"; };
		EE771424CCBC3F6B948AFA9B /* Pods_MacReader.framework */ = {isa = PBXFileReference; explicitFileType = wrapper.framework; includeInIndex = 0; path = Pods_MacReader.framework; sourceTree = BUILT_PRODUCTS_DIR; };
/* End PBXFileReference section */

/* Begin PBXFrameworksBuildPhase section */
		B95DAF872697D6F300AE4E7E /* Frameworks */ = {
			isa = PBXFrameworksBuildPhase;
			buildActionMask = 2147483647;
			files = (
				EA8E3F6B084A376BE114C21B /* Pods_MacReaderDebug.framework in Frameworks */,
			);
			runOnlyForDeploymentPostprocessing = 0;
		};
		B9D3C6622697CDB100EAAE37 /* Frameworks */ = {
			isa = PBXFrameworksBuildPhase;
			buildActionMask = 2147483647;
			files = (
				19E1E8F9753D621BF8624F53 /* Pods_MacReader.framework in Frameworks */,
			);
			runOnlyForDeploymentPostprocessing = 0;
		};
		B9D3C6782697CDB800EAAE37 /* Frameworks */ = {
			isa = PBXFrameworksBuildPhase;
			buildActionMask = 2147483647;
			files = (
				F23F93B55CC09914BFA2675D /* Pods_MacReaderTests.framework in Frameworks */,
			);
			runOnlyForDeploymentPostprocessing = 0;
		};
		B9D3C6832697CDB800EAAE37 /* Frameworks */ = {
			isa = PBXFrameworksBuildPhase;
			buildActionMask = 2147483647;
			files = (
				ED87D6315F18450B2950FDE5 /* Pods_MacReader_MacReaderUITests.framework in Frameworks */,
			);
			runOnlyForDeploymentPostprocessing = 0;
		};
/* End PBXFrameworksBuildPhase section */

/* Begin PBXGroup section */
		2159EAE0EE3C3DBD1E785185 /* Pods */ = {
			isa = PBXGroup;
			children = (
				BB8A239D885638AF51DE5EB0 /* Pods-MacReader.debug.xcconfig */,
				6848AEC611284185E8A5B28D /* Pods-MacReader.release.xcconfig */,
				72A36C38BC35F7490A33BB08 /* Pods-MacReader-MacReaderUITests.debug.xcconfig */,
				41D0DEF6780823C0E18D4C8D /* Pods-MacReader-MacReaderUITests.release.xcconfig */,
				194AFA244C119E6457F40E25 /* Pods-MacReaderDebug.debug.xcconfig */,
				D9E9F191E4D0DBCFA4C3AF84 /* Pods-MacReaderDebug.release.xcconfig */,
				ABAC961B253134AEE8974926 /* Pods-MacReaderTests.debug.xcconfig */,
				A406E153FD45F76C631CB2C9 /* Pods-MacReaderTests.release.xcconfig */,
			);
			path = Pods;
			sourceTree = "<group>";
		};
		B93419AB269BCC0700B027EE /* Frameworks */ = {
			isa = PBXGroup;
			children = (
				EE771424CCBC3F6B948AFA9B /* Pods_MacReader.framework */,
				7B5FB611BC12A90FD05E0227 /* Pods_MacReader_MacReaderUITests.framework */,
				1FF49C52391EF784EB5386A2 /* Pods_MacReaderDebug.framework */,
				26748A79F54C8CF9DA5434B7 /* Pods_MacReaderTests.framework */,
			);
			name = Frameworks;
			sourceTree = "<group>";
		};
		B9D3C65C2697CDB100EAAE37 = {
			isa = PBXGroup;
			children = (
				B9D3C6672697CDB100EAAE37 /* MacReader */,
				B9D3C67E2697CDB800EAAE37 /* MacReaderTests */,
				B9D3C6892697CDB800EAAE37 /* MacReaderUITests */,
				B9D3C6662697CDB100EAAE37 /* Products */,
				B93419AB269BCC0700B027EE /* Frameworks */,
				2159EAE0EE3C3DBD1E785185 /* Pods */,
			);
			sourceTree = "<group>";
		};
		B9D3C6662697CDB100EAAE37 /* Products */ = {
			isa = PBXGroup;
			children = (
				B9D3C6652697CDB100EAAE37 /* MacReader.app */,
				B9D3C67B2697CDB800EAAE37 /* MacReaderTests.xctest */,
				B9D3C6862697CDB800EAAE37 /* MacReaderUITests.xctest */,
				B95DAF8F2697D6F300AE4E7E /* MacReaderDebug.app */,
			);
			name = Products;
			sourceTree = "<group>";
		};
		B9D3C6672697CDB100EAAE37 /* MacReader */ = {
			isa = PBXGroup;
			children = (
				B9D3C6982697CDE200EAAE37 /* MacReader.entitlements */,
				B9D3C6682697CDB100EAAE37 /* AppDelegate.swift */,
				B9D3C66A2697CDB100EAAE37 /* SceneDelegate.swift */,
				B9C1BAD7269D5B9A00CEE0F2 /* FeedListViewModel.swift */,
				B9C1BADA269D5DC800CEE0F2 /* FeedDetailView.swift */,
				B9D3C66C2697CDB100EAAE37 /* FeedListView.swift */,
				B9C1BAD4269D331900CEE0F2 /* WebView.swift */,
				B9D3C66E2697CDB800EAAE37 /* Assets.xcassets */,
				B9D3C6732697CDB800EAAE37 /* LaunchScreen.storyboard */,
				B9D3C6762697CDB800EAAE37 /* Info.plist */,
				B9D3C6702697CDB800EAAE37 /* Preview Content */,
			);
			path = MacReader;
			sourceTree = "<group>";
		};
		B9D3C6702697CDB800EAAE37 /* Preview Content */ = {
			isa = PBXGroup;
			children = (
				B9D3C6712697CDB800EAAE37 /* Preview Assets.xcassets */,
			);
			path = "Preview Content";
			sourceTree = "<group>";
		};
		B9D3C67E2697CDB800EAAE37 /* MacReaderTests */ = {
			isa = PBXGroup;
			children = (
				B9D3C67F2697CDB800EAAE37 /* MacReaderTests.swift */,
				B9D3C6812697CDB800EAAE37 /* Info.plist */,
			);
			path = MacReaderTests;
			sourceTree = "<group>";
		};
		B9D3C6892697CDB800EAAE37 /* MacReaderUITests */ = {
			isa = PBXGroup;
			children = (
				B9D3C68A2697CDB800EAAE37 /* MacReaderUITests.swift */,
				B9D3C68C2697CDB800EAAE37 /* Info.plist */,
			);
			path = MacReaderUITests;
			sourceTree = "<group>";
		};
/* End PBXGroup section */

/* Begin PBXNativeTarget section */
		B95DAF822697D6F300AE4E7E /* MacReaderDebug */ = {
			isa = PBXNativeTarget;
			buildConfigurationList = B95DAF8C2697D6F300AE4E7E /* Build configuration list for PBXNativeTarget "MacReaderDebug" */;
			buildPhases = (
				E8731B2B34C90AA5059619D3 /* [CP] Check Pods Manifest.lock */,
				B95DAF832697D6F300AE4E7E /* Sources */,
				B95DAF872697D6F300AE4E7E /* Frameworks */,
				B95DAF882697D6F300AE4E7E /* Resources */,
				CC46612EDC1A88A735EE84AF /* [CP] Embed Pods Frameworks */,
			);
			buildRules = (
			);
			dependencies = (
			);
			name = MacReaderDebug;
			productName = MacReader;
			productReference = B95DAF8F2697D6F300AE4E7E /* MacReaderDebug.app */;
			productType = "com.apple.product-type.application";
		};
		B9D3C6642697CDB100EAAE37 /* MacReader */ = {
			isa = PBXNativeTarget;
			buildConfigurationList = B9D3C68F2697CDB800EAAE37 /* Build configuration list for PBXNativeTarget "MacReader" */;
			buildPhases = (
				5A6E15706D331C16F72F9791 /* [CP] Check Pods Manifest.lock */,
				B9D3C6612697CDB100EAAE37 /* Sources */,
				B9D3C6622697CDB100EAAE37 /* Frameworks */,
				B9D3C6632697CDB100EAAE37 /* Resources */,
				F3EC5D4188403E6C158722B9 /* [CP] Embed Pods Frameworks */,
			);
			buildRules = (
			);
			dependencies = (
			);
			name = MacReader;
			productName = MacReader;
			productReference = B9D3C6652697CDB100EAAE37 /* MacReader.app */;
			productType = "com.apple.product-type.application";
		};
		B9D3C67A2697CDB800EAAE37 /* MacReaderTests */ = {
			isa = PBXNativeTarget;
			buildConfigurationList = B9D3C6922697CDB800EAAE37 /* Build configuration list for PBXNativeTarget "MacReaderTests" */;
			buildPhases = (
				E1F2424398A0C3186AF18467 /* [CP] Check Pods Manifest.lock */,
				B9D3C6772697CDB800EAAE37 /* Sources */,
				B9D3C6782697CDB800EAAE37 /* Frameworks */,
				B9D3C6792697CDB800EAAE37 /* Resources */,
			);
			buildRules = (
			);
			dependencies = (
				B9D3C67D2697CDB800EAAE37 /* PBXTargetDependency */,
			);
			name = MacReaderTests;
			productName = MacReaderTests;
			productReference = B9D3C67B2697CDB800EAAE37 /* MacReaderTests.xctest */;
			productType = "com.apple.product-type.bundle.unit-test";
		};
		B9D3C6852697CDB800EAAE37 /* MacReaderUITests */ = {
			isa = PBXNativeTarget;
			buildConfigurationList = B9D3C6952697CDB800EAAE37 /* Build configuration list for PBXNativeTarget "MacReaderUITests" */;
			buildPhases = (
				F4C607D3349FBCE168CBEEC9 /* [CP] Check Pods Manifest.lock */,
				B9D3C6822697CDB800EAAE37 /* Sources */,
				B9D3C6832697CDB800EAAE37 /* Frameworks */,
				B9D3C6842697CDB800EAAE37 /* Resources */,
				3EF56392BF34C995A069F79C /* [CP] Embed Pods Frameworks */,
			);
			buildRules = (
			);
			dependencies = (
				B9D3C6882697CDB800EAAE37 /* PBXTargetDependency */,
			);
			name = MacReaderUITests;
			productName = MacReaderUITests;
			productReference = B9D3C6862697CDB800EAAE37 /* MacReaderUITests.xctest */;
			productType = "com.apple.product-type.bundle.ui-testing";
		};
/* End PBXNativeTarget section */

/* Begin PBXProject section */
		B9D3C65D2697CDB100EAAE37 /* Project object */ = {
			isa = PBXProject;
			attributes = {
				LastSwiftUpdateCheck = 1250;
				LastUpgradeCheck = 1250;
				TargetAttributes = {
					B9D3C6642697CDB100EAAE37 = {
						CreatedOnToolsVersion = 12.5.1;
					};
					B9D3C67A2697CDB800EAAE37 = {
						CreatedOnToolsVersion = 12.5.1;
						TestTargetID = B9D3C6642697CDB100EAAE37;
					};
					B9D3C6852697CDB800EAAE37 = {
						CreatedOnToolsVersion = 12.5.1;
						TestTargetID = B9D3C6642697CDB100EAAE37;
					};
				};
			};
			buildConfigurationList = B9D3C6602697CDB100EAAE37 /* Build configuration list for PBXProject "MacReader" */;
			compatibilityVersion = "Xcode 9.3";
			developmentRegion = en;
			hasScannedForEncodings = 0;
			knownRegions = (
				en,
				Base,
			);
			mainGroup = B9D3C65C2697CDB100EAAE37;
			productRefGroup = B9D3C6662697CDB100EAAE37 /* Products */;
			projectDirPath = "";
			projectRoot = "";
			targets = (
				B9D3C6642697CDB100EAAE37 /* MacReader */,
				B95DAF822697D6F300AE4E7E /* MacReaderDebug */,
				B9D3C67A2697CDB800EAAE37 /* MacReaderTests */,
				B9D3C6852697CDB800EAAE37 /* MacReaderUITests */,
			);
		};
/* End PBXProject section */

/* Begin PBXResourcesBuildPhase section */
		B95DAF882697D6F300AE4E7E /* Resources */ = {
			isa = PBXResourcesBuildPhase;
			buildActionMask = 2147483647;
			files = (
				B95DAF892697D6F300AE4E7E /* LaunchScreen.storyboard in Resources */,
				B95DAF8A2697D6F300AE4E7E /* Preview Assets.xcassets in Resources */,
				B95DAF8B2697D6F300AE4E7E /* Assets.xcassets in Resources */,
			);
			runOnlyForDeploymentPostprocessing = 0;
		};
		B9D3C6632697CDB100EAAE37 /* Resources */ = {
			isa = PBXResourcesBuildPhase;
			buildActionMask = 2147483647;
			files = (
				B9D3C6752697CDB800EAAE37 /* LaunchScreen.storyboard in Resources */,
				B9D3C6722697CDB800EAAE37 /* Preview Assets.xcassets in Resources */,
				B9D3C66F2697CDB800EAAE37 /* Assets.xcassets in Resources */,
			);
			runOnlyForDeploymentPostprocessing = 0;
		};
		B9D3C6792697CDB800EAAE37 /* Resources */ = {
			isa = PBXResourcesBuildPhase;
			buildActionMask = 2147483647;
			files = (
			);
			runOnlyForDeploymentPostprocessing = 0;
		};
		B9D3C6842697CDB800EAAE37 /* Resources */ = {
			isa = PBXResourcesBuildPhase;
			buildActionMask = 2147483647;
			files = (
			);
			runOnlyForDeploymentPostprocessing = 0;
		};
/* End PBXResourcesBuildPhase section */

/* Begin PBXShellScriptBuildPhase section */
		3EF56392BF34C995A069F79C /* [CP] Embed Pods Frameworks */ = {
			isa = PBXShellScriptBuildPhase;
			buildActionMask = 2147483647;
			files = (
			);
			inputFileListPaths = (
				"${PODS_ROOT}/Target Support Files/Pods-MacReader-MacReaderUITests/Pods-MacReader-MacReaderUITests-frameworks-${CONFIGURATION}-input-files.xcfilelist",
			);
			name = "[CP] Embed Pods Frameworks";
			outputFileListPaths = (
				"${PODS_ROOT}/Target Support Files/Pods-MacReader-MacReaderUITests/Pods-MacReader-MacReaderUITests-frameworks-${CONFIGURATION}-output-files.xcfilelist",
			);
			runOnlyForDeploymentPostprocessing = 0;
			shellPath = /bin/sh;
			shellScript = "\"${PODS_ROOT}/Target Support Files/Pods-MacReader-MacReaderUITests/Pods-MacReader-MacReaderUITests-frameworks.sh\"\n";
			showEnvVarsInLog = 0;
		};
		5A6E15706D331C16F72F9791 /* [CP] Check Pods Manifest.lock */ = {
			isa = PBXShellScriptBuildPhase;
			buildActionMask = 2147483647;
			files = (
			);
			inputFileListPaths = (
			);
			inputPaths = (
				"${PODS_PODFILE_DIR_PATH}/Podfile.lock",
				"${PODS_ROOT}/Manifest.lock",
			);
			name = "[CP] Check Pods Manifest.lock";
			outputFileListPaths = (
			);
			outputPaths = (
				"$(DERIVED_FILE_DIR)/Pods-MacReader-checkManifestLockResult.txt",
			);
			runOnlyForDeploymentPostprocessing = 0;
			shellPath = /bin/sh;
			shellScript = "diff \"${PODS_PODFILE_DIR_PATH}/Podfile.lock\" \"${PODS_ROOT}/Manifest.lock\" > /dev/null\nif [ $? != 0 ] ; then\n    # print error to STDERR\n    echo \"error: The sandbox is not in sync with the Podfile.lock. Run 'pod install' or update your CocoaPods installation.\" >&2\n    exit 1\nfi\n# This output is used by Xcode 'outputs' to avoid re-running this script phase.\necho \"SUCCESS\" > \"${SCRIPT_OUTPUT_FILE_0}\"\n";
			showEnvVarsInLog = 0;
		};
		CC46612EDC1A88A735EE84AF /* [CP] Embed Pods Frameworks */ = {
			isa = PBXShellScriptBuildPhase;
			buildActionMask = 2147483647;
			files = (
			);
			inputFileListPaths = (
				"${PODS_ROOT}/Target Support Files/Pods-MacReaderDebug/Pods-MacReaderDebug-frameworks-${CONFIGURATION}-input-files.xcfilelist",
			);
			name = "[CP] Embed Pods Frameworks";
			outputFileListPaths = (
				"${PODS_ROOT}/Target Support Files/Pods-MacReaderDebug/Pods-MacReaderDebug-frameworks-${CONFIGURATION}-output-files.xcfilelist",
			);
			runOnlyForDeploymentPostprocessing = 0;
			shellPath = /bin/sh;
			shellScript = "\"${PODS_ROOT}/Target Support Files/Pods-MacReaderDebug/Pods-MacReaderDebug-frameworks.sh\"\n";
			showEnvVarsInLog = 0;
		};
		E1F2424398A0C3186AF18467 /* [CP] Check Pods Manifest.lock */ = {
			isa = PBXShellScriptBuildPhase;
			buildActionMask = 2147483647;
			files = (
			);
			inputFileListPaths = (
			);
			inputPaths = (
				"${PODS_PODFILE_DIR_PATH}/Podfile.lock",
				"${PODS_ROOT}/Manifest.lock",
			);
			name = "[CP] Check Pods Manifest.lock";
			outputFileListPaths = (
			);
			outputPaths = (
				"$(DERIVED_FILE_DIR)/Pods-MacReaderTests-checkManifestLockResult.txt",
			);
			runOnlyForDeploymentPostprocessing = 0;
			shellPath = /bin/sh;
			shellScript = "diff \"${PODS_PODFILE_DIR_PATH}/Podfile.lock\" \"${PODS_ROOT}/Manifest.lock\" > /dev/null\nif [ $? != 0 ] ; then\n    # print error to STDERR\n    echo \"error: The sandbox is not in sync with the Podfile.lock. Run 'pod install' or update your CocoaPods installation.\" >&2\n    exit 1\nfi\n# This output is used by Xcode 'outputs' to avoid re-running this script phase.\necho \"SUCCESS\" > \"${SCRIPT_OUTPUT_FILE_0}\"\n";
			showEnvVarsInLog = 0;
		};
		E8731B2B34C90AA5059619D3 /* [CP] Check Pods Manifest.lock */ = {
			isa = PBXShellScriptBuildPhase;
			buildActionMask = 2147483647;
			files = (
			);
			inputFileListPaths = (
			);
			inputPaths = (
				"${PODS_PODFILE_DIR_PATH}/Podfile.lock",
				"${PODS_ROOT}/Manifest.lock",
			);
			name = "[CP] Check Pods Manifest.lock";
			outputFileListPaths = (
			);
			outputPaths = (
				"$(DERIVED_FILE_DIR)/Pods-MacReaderDebug-checkManifestLockResult.txt",
			);
			runOnlyForDeploymentPostprocessing = 0;
			shellPath = /bin/sh;
			shellScript = "diff \"${PODS_PODFILE_DIR_PATH}/Podfile.lock\" \"${PODS_ROOT}/Manifest.lock\" > /dev/null\nif [ $? != 0 ] ; then\n    # print error to STDERR\n    echo \"error: The sandbox is not in sync with the Podfile.lock. Run 'pod install' or update your CocoaPods installation.\" >&2\n    exit 1\nfi\n# This output is used by Xcode 'outputs' to avoid re-running this script phase.\necho \"SUCCESS\" > \"${SCRIPT_OUTPUT_FILE_0}\"\n";
			showEnvVarsInLog = 0;
		};
		F3EC5D4188403E6C158722B9 /* [CP] Embed Pods Frameworks */ = {
			isa = PBXShellScriptBuildPhase;
			buildActionMask = 2147483647;
			files = (
			);
			inputFileListPaths = (
				"${PODS_ROOT}/Target Support Files/Pods-MacReader/Pods-MacReader-frameworks-${CONFIGURATION}-input-files.xcfilelist",
			);
			name = "[CP] Embed Pods Frameworks";
			outputFileListPaths = (
				"${PODS_ROOT}/Target Support Files/Pods-MacReader/Pods-MacReader-frameworks-${CONFIGURATION}-output-files.xcfilelist",
			);
			runOnlyForDeploymentPostprocessing = 0;
			shellPath = /bin/sh;
			shellScript = "\"${PODS_ROOT}/Target Support Files/Pods-MacReader/Pods-MacReader-frameworks.sh\"\n";
			showEnvVarsInLog = 0;
		};
		F4C607D3349FBCE168CBEEC9 /* [CP] Check Pods Manifest.lock */ = {
			isa = PBXShellScriptBuildPhase;
			buildActionMask = 2147483647;
			files = (
			);
			inputFileListPaths = (
			);
			inputPaths = (
				"${PODS_PODFILE_DIR_PATH}/Podfile.lock",
				"${PODS_ROOT}/Manifest.lock",
			);
			name = "[CP] Check Pods Manifest.lock";
			outputFileListPaths = (
			);
			outputPaths = (
				"$(DERIVED_FILE_DIR)/Pods-MacReader-MacReaderUITests-checkManifestLockResult.txt",
			);
			runOnlyForDeploymentPostprocessing = 0;
			shellPath = /bin/sh;
			shellScript = "diff \"${PODS_PODFILE_DIR_PATH}/Podfile.lock\" \"${PODS_ROOT}/Manifest.lock\" > /dev/null\nif [ $? != 0 ] ; then\n    # print error to STDERR\n    echo \"error: The sandbox is not in sync with the Podfile.lock. Run 'pod install' or update your CocoaPods installation.\" >&2\n    exit 1\nfi\n# This output is used by Xcode 'outputs' to avoid re-running this script phase.\necho \"SUCCESS\" > \"${SCRIPT_OUTPUT_FILE_0}\"\n";
			showEnvVarsInLog = 0;
		};
/* End PBXShellScriptBuildPhase section */

/* Begin PBXSourcesBuildPhase section */
		B95DAF832697D6F300AE4E7E /* Sources */ = {
			isa = PBXSourcesBuildPhase;
			buildActionMask = 2147483647;
			files = (
				B9C1BAD9269D5B9A00CEE0F2 /* FeedListViewModel.swift in Sources */,
				B95DAF842697D6F300AE4E7E /* AppDelegate.swift in Sources */,
				B9C1BAD6269D331A00CEE0F2 /* WebView.swift in Sources */,
				B95DAF852697D6F300AE4E7E /* SceneDelegate.swift in Sources */,
				B95DAF862697D6F300AE4E7E /* FeedListView.swift in Sources */,
				B9C1BADC269D5DC800CEE0F2 /* FeedDetailView.swift in Sources */,
			);
			runOnlyForDeploymentPostprocessing = 0;
		};
		B9D3C6612697CDB100EAAE37 /* Sources */ = {
			isa = PBXSourcesBuildPhase;
			buildActionMask = 2147483647;
			files = (
				B9C1BAD8269D5B9A00CEE0F2 /* FeedListViewModel.swift in Sources */,
				B9D3C6692697CDB100EAAE37 /* AppDelegate.swift in Sources */,
				B9C1BAD5269D331A00CEE0F2 /* WebView.swift in Sources */,
				B9D3C66B2697CDB100EAAE37 /* SceneDelegate.swift in Sources */,
				B9D3C66D2697CDB100EAAE37 /* FeedListView.swift in Sources */,
				B9C1BADB269D5DC800CEE0F2 /* FeedDetailView.swift in Sources */,
			);
			runOnlyForDeploymentPostprocessing = 0;
		};
		B9D3C6772697CDB800EAAE37 /* Sources */ = {
			isa = PBXSourcesBuildPhase;
			buildActionMask = 2147483647;
			files = (
				B9D3C6802697CDB800EAAE37 /* MacReaderTests.swift in Sources */,
			);
			runOnlyForDeploymentPostprocessing = 0;
		};
		B9D3C6822697CDB800EAAE37 /* Sources */ = {
			isa = PBXSourcesBuildPhase;
			buildActionMask = 2147483647;
			files = (
				B9D3C68B2697CDB800EAAE37 /* MacReaderUITests.swift in Sources */,
			);
			runOnlyForDeploymentPostprocessing = 0;
		};
/* End PBXSourcesBuildPhase section */

/* Begin PBXTargetDependency section */
		B9D3C67D2697CDB800EAAE37 /* PBXTargetDependency */ = {
			isa = PBXTargetDependency;
			target = B9D3C6642697CDB100EAAE37 /* MacReader */;
			targetProxy = B9D3C67C2697CDB800EAAE37 /* PBXContainerItemProxy */;
		};
		B9D3C6882697CDB800EAAE37 /* PBXTargetDependency */ = {
			isa = PBXTargetDependency;
			target = B9D3C6642697CDB100EAAE37 /* MacReader */;
			targetProxy = B9D3C6872697CDB800EAAE37 /* PBXContainerItemProxy */;
		};
/* End PBXTargetDependency section */

/* Begin PBXVariantGroup section */
		B9D3C6732697CDB800EAAE37 /* LaunchScreen.storyboard */ = {
			isa = PBXVariantGroup;
			children = (
				B9D3C6742697CDB800EAAE37 /* Base */,
			);
			name = LaunchScreen.storyboard;
			sourceTree = "<group>";
		};
/* End PBXVariantGroup section */

/* Begin XCBuildConfiguration section */
		B95DAF8D2697D6F300AE4E7E /* Debug */ = {
			isa = XCBuildConfiguration;
			baseConfigurationReference = 194AFA244C119E6457F40E25 /* Pods-MacReaderDebug.debug.xcconfig */;
			buildSettings = {
				ASSETCATALOG_COMPILER_APPICON_NAME = AppIcon;
				ASSETCATALOG_COMPILER_GLOBAL_ACCENT_COLOR_NAME = AccentColor;
				CODE_SIGN_ENTITLEMENTS = MacReader/MacReader.entitlements;
				CODE_SIGN_STYLE = Automatic;
				DEVELOPMENT_ASSET_PATHS = "\"MacReader/Preview Content\"";
				DEVELOPMENT_TEAM = X7VAV4CD49;
				ENABLE_PREVIEWS = YES;
				INFOPLIST_FILE = MacReader/Info.plist;
				LD_RUNPATH_SEARCH_PATHS = (
					"$(inherited)",
					"@executable_path/Frameworks",
				);
				PRODUCT_BUNDLE_IDENTIFIER = org.aill.MacReaderDebug;
				PRODUCT_NAME = "$(TARGET_NAME)";
				SUPPORTS_MACCATALYST = YES;
				SWIFT_VERSION = 5.0;
				TARGETED_DEVICE_FAMILY = "1,2,6";
			};
			name = Debug;
		};
		B95DAF8E2697D6F300AE4E7E /* Release */ = {
			isa = XCBuildConfiguration;
			baseConfigurationReference = D9E9F191E4D0DBCFA4C3AF84 /* Pods-MacReaderDebug.release.xcconfig */;
			buildSettings = {
				ASSETCATALOG_COMPILER_APPICON_NAME = AppIcon;
				ASSETCATALOG_COMPILER_GLOBAL_ACCENT_COLOR_NAME = AccentColor;
				CODE_SIGN_ENTITLEMENTS = MacReader/MacReader.entitlements;
				CODE_SIGN_STYLE = Automatic;
				DEVELOPMENT_ASSET_PATHS = "\"MacReader/Preview Content\"";
				DEVELOPMENT_TEAM = X7VAV4CD49;
				ENABLE_PREVIEWS = YES;
				INFOPLIST_FILE = MacReader/Info.plist;
				LD_RUNPATH_SEARCH_PATHS = (
					"$(inherited)",
					"@executable_path/Frameworks",
				);
				PRODUCT_BUNDLE_IDENTIFIER = org.aill.MacReaderDebug;
				PRODUCT_NAME = "$(TARGET_NAME)";
				SUPPORTS_MACCATALYST = YES;
				SWIFT_VERSION = 5.0;
				TARGETED_DEVICE_FAMILY = "1,2,6";
			};
			name = Release;
		};
		B9D3C68D2697CDB800EAAE37 /* Debug */ = {
			isa = XCBuildConfiguration;
			buildSettings = {
				ALWAYS_SEARCH_USER_PATHS = NO;
				CLANG_ANALYZER_NONNULL = YES;
				CLANG_ANALYZER_NUMBER_OBJECT_CONVERSION = YES_AGGRESSIVE;
				CLANG_CXX_LANGUAGE_STANDARD = "gnu++14";
				CLANG_CXX_LIBRARY = "libc++";
				CLANG_ENABLE_MODULES = YES;
				CLANG_ENABLE_OBJC_ARC = YES;
				CLANG_ENABLE_OBJC_WEAK = YES;
				CLANG_WARN_BLOCK_CAPTURE_AUTORELEASING = YES;
				CLANG_WARN_BOOL_CONVERSION = YES;
				CLANG_WARN_COMMA = YES;
				CLANG_WARN_CONSTANT_CONVERSION = YES;
				CLANG_WARN_DEPRECATED_OBJC_IMPLEMENTATIONS = YES;
				CLANG_WARN_DIRECT_OBJC_ISA_USAGE = YES_ERROR;
				CLANG_WARN_DOCUMENTATION_COMMENTS = YES;
				CLANG_WARN_EMPTY_BODY = YES;
				CLANG_WARN_ENUM_CONVERSION = YES;
				CLANG_WARN_INFINITE_RECURSION = YES;
				CLANG_WARN_INT_CONVERSION = YES;
				CLANG_WARN_NON_LITERAL_NULL_CONVERSION = YES;
				CLANG_WARN_OBJC_IMPLICIT_RETAIN_SELF = YES;
				CLANG_WARN_OBJC_LITERAL_CONVERSION = YES;
				CLANG_WARN_OBJC_ROOT_CLASS = YES_ERROR;
				CLANG_WARN_QUOTED_INCLUDE_IN_FRAMEWORK_HEADER = YES;
				CLANG_WARN_RANGE_LOOP_ANALYSIS = YES;
				CLANG_WARN_STRICT_PROTOTYPES = YES;
				CLANG_WARN_SUSPICIOUS_MOVE = YES;
				CLANG_WARN_UNGUARDED_AVAILABILITY = YES_AGGRESSIVE;
				CLANG_WARN_UNREACHABLE_CODE = YES;
				CLANG_WARN__DUPLICATE_METHOD_MATCH = YES;
				COPY_PHASE_STRIP = NO;
				DEBUG_INFORMATION_FORMAT = dwarf;
				ENABLE_STRICT_OBJC_MSGSEND = YES;
				ENABLE_TESTABILITY = YES;
				GCC_C_LANGUAGE_STANDARD = gnu11;
				GCC_DYNAMIC_NO_PIC = NO;
				GCC_NO_COMMON_BLOCKS = YES;
				GCC_OPTIMIZATION_LEVEL = 0;
				GCC_PREPROCESSOR_DEFINITIONS = (
					"DEBUG=1",
					"$(inherited)",
				);
				GCC_WARN_64_TO_32_BIT_CONVERSION = YES;
				GCC_WARN_ABOUT_RETURN_TYPE = YES_ERROR;
				GCC_WARN_UNDECLARED_SELECTOR = YES;
				GCC_WARN_UNINITIALIZED_AUTOS = YES_AGGRESSIVE;
				GCC_WARN_UNUSED_FUNCTION = YES;
				GCC_WARN_UNUSED_VARIABLE = YES;
				IPHONEOS_DEPLOYMENT_TARGET = 14.7;
				MTL_ENABLE_DEBUG_INFO = INCLUDE_SOURCE;
				MTL_FAST_MATH = YES;
				ONLY_ACTIVE_ARCH = YES;
				SDKROOT = iphoneos;
				SWIFT_ACTIVE_COMPILATION_CONDITIONS = DEBUG;
				SWIFT_OPTIMIZATION_LEVEL = "-Onone";
			};
			name = Debug;
		};
		B9D3C68E2697CDB800EAAE37 /* Release */ = {
			isa = XCBuildConfiguration;
			buildSettings = {
				ALWAYS_SEARCH_USER_PATHS = NO;
				CLANG_ANALYZER_NONNULL = YES;
				CLANG_ANALYZER_NUMBER_OBJECT_CONVERSION = YES_AGGRESSIVE;
				CLANG_CXX_LANGUAGE_STANDARD = "gnu++14";
				CLANG_CXX_LIBRARY = "libc++";
				CLANG_ENABLE_MODULES = YES;
				CLANG_ENABLE_OBJC_ARC = YES;
				CLANG_ENABLE_OBJC_WEAK = YES;
				CLANG_WARN_BLOCK_CAPTURE_AUTORELEASING = YES;
				CLANG_WARN_BOOL_CONVERSION = YES;
				CLANG_WARN_COMMA = YES;
				CLANG_WARN_CONSTANT_CONVERSION = YES;
				CLANG_WARN_DEPRECATED_OBJC_IMPLEMENTATIONS = YES;
				CLANG_WARN_DIRECT_OBJC_ISA_USAGE = YES_ERROR;
				CLANG_WARN_DOCUMENTATION_COMMENTS = YES;
				CLANG_WARN_EMPTY_BODY = YES;
				CLANG_WARN_ENUM_CONVERSION = YES;
				CLANG_WARN_INFINITE_RECURSION = YES;
				CLANG_WARN_INT_CONVERSION = YES;
				CLANG_WARN_NON_LITERAL_NULL_CONVERSION = YES;
				CLANG_WARN_OBJC_IMPLICIT_RETAIN_SELF = YES;
				CLANG_WARN_OBJC_LITERAL_CONVERSION = YES;
				CLANG_WARN_OBJC_ROOT_CLASS = YES_ERROR;
				CLANG_WARN_QUOTED_INCLUDE_IN_FRAMEWORK_HEADER = YES;
				CLANG_WARN_RANGE_LOOP_ANALYSIS = YES;
				CLANG_WARN_STRICT_PROTOTYPES = YES;
				CLANG_WARN_SUSPICIOUS_MOVE = YES;
				CLANG_WARN_UNGUARDED_AVAILABILITY = YES_AGGRESSIVE;
				CLANG_WARN_UNREACHABLE_CODE = YES;
				CLANG_WARN__DUPLICATE_METHOD_MATCH = YES;
				COPY_PHASE_STRIP = NO;
				DEBUG_INFORMATION_FORMAT = "dwarf-with-dsym";
				ENABLE_NS_ASSERTIONS = NO;
				ENABLE_STRICT_OBJC_MSGSEND = YES;
				GCC_C_LANGUAGE_STANDARD = gnu11;
				GCC_NO_COMMON_BLOCKS = YES;
				GCC_WARN_64_TO_32_BIT_CONVERSION = YES;
				GCC_WARN_ABOUT_RETURN_TYPE = YES_ERROR;
				GCC_WARN_UNDECLARED_SELECTOR = YES;
				GCC_WARN_UNINITIALIZED_AUTOS = YES_AGGRESSIVE;
				GCC_WARN_UNUSED_FUNCTION = YES;
				GCC_WARN_UNUSED_VARIABLE = YES;
				IPHONEOS_DEPLOYMENT_TARGET = 14.7;
				MTL_ENABLE_DEBUG_INFO = NO;
				MTL_FAST_MATH = YES;
				SDKROOT = iphoneos;
				SWIFT_COMPILATION_MODE = wholemodule;
				SWIFT_OPTIMIZATION_LEVEL = "-O";
				VALIDATE_PRODUCT = YES;
			};
			name = Release;
		};
		B9D3C6902697CDB800EAAE37 /* Debug */ = {
			isa = XCBuildConfiguration;
			baseConfigurationReference = BB8A239D885638AF51DE5EB0 /* Pods-MacReader.debug.xcconfig */;
			buildSettings = {
				ASSETCATALOG_COMPILER_APPICON_NAME = AppIcon;
				ASSETCATALOG_COMPILER_GLOBAL_ACCENT_COLOR_NAME = AccentColor;
				CODE_SIGN_ENTITLEMENTS = MacReader/MacReader.entitlements;
				CODE_SIGN_STYLE = Automatic;
				DEVELOPMENT_ASSET_PATHS = "\"MacReader/Preview Content\"";
				DEVELOPMENT_TEAM = X7VAV4CD49;
				ENABLE_PREVIEWS = YES;
				INFOPLIST_FILE = MacReader/Info.plist;
				LD_RUNPATH_SEARCH_PATHS = (
					"$(inherited)",
					"@executable_path/Frameworks",
				);
				PRODUCT_BUNDLE_IDENTIFIER = org.aill.MacReader;
				PRODUCT_NAME = "$(TARGET_NAME)";
				SUPPORTS_MACCATALYST = YES;
				SWIFT_VERSION = 5.0;
				TARGETED_DEVICE_FAMILY = "1,2,6";
			};
			name = Debug;
		};
		B9D3C6912697CDB800EAAE37 /* Release */ = {
			isa = XCBuildConfiguration;
			baseConfigurationReference = 6848AEC611284185E8A5B28D /* Pods-MacReader.release.xcconfig */;
			buildSettings = {
				ASSETCATALOG_COMPILER_APPICON_NAME = AppIcon;
				ASSETCATALOG_COMPILER_GLOBAL_ACCENT_COLOR_NAME = AccentColor;
				CODE_SIGN_ENTITLEMENTS = MacReader/MacReader.entitlements;
				CODE_SIGN_STYLE = Automatic;
				DEVELOPMENT_ASSET_PATHS = "\"MacReader/Preview Content\"";
				DEVELOPMENT_TEAM = X7VAV4CD49;
				ENABLE_PREVIEWS = YES;
				INFOPLIST_FILE = MacReader/Info.plist;
				LD_RUNPATH_SEARCH_PATHS = (
					"$(inherited)",
					"@executable_path/Frameworks",
				);
				PRODUCT_BUNDLE_IDENTIFIER = org.aill.MacReader;
				PRODUCT_NAME = "$(TARGET_NAME)";
				SUPPORTS_MACCATALYST = YES;
				SWIFT_VERSION = 5.0;
				TARGETED_DEVICE_FAMILY = "1,2,6";
			};
			name = Release;
		};
		B9D3C6932697CDB800EAAE37 /* Debug */ = {
			isa = XCBuildConfiguration;
			baseConfigurationReference = ABAC961B253134AEE8974926 /* Pods-MacReaderTests.debug.xcconfig */;
			buildSettings = {
				ALWAYS_EMBED_SWIFT_STANDARD_LIBRARIES = YES;
				BUNDLE_LOADER = "$(TEST_HOST)";
				CODE_SIGN_STYLE = Automatic;
				DEVELOPMENT_TEAM = X7VAV4CD49;
				INFOPLIST_FILE = MacReaderTests/Info.plist;
				IPHONEOS_DEPLOYMENT_TARGET = 14.5;
				LD_RUNPATH_SEARCH_PATHS = (
					"$(inherited)",
					"@executable_path/Frameworks",
					"@loader_path/Frameworks",
				);
				PRODUCT_BUNDLE_IDENTIFIER = org.aill.MacReaderTests;
				PRODUCT_NAME = "$(TARGET_NAME)";
				SWIFT_VERSION = 5.0;
				TARGETED_DEVICE_FAMILY = "1,2";
				TEST_HOST = "$(BUILT_PRODUCTS_DIR)/MacReader.app/MacReader";
			};
			name = Debug;
		};
		B9D3C6942697CDB800EAAE37 /* Release */ = {
			isa = XCBuildConfiguration;
			baseConfigurationReference = A406E153FD45F76C631CB2C9 /* Pods-MacReaderTests.release.xcconfig */;
			buildSettings = {
				ALWAYS_EMBED_SWIFT_STANDARD_LIBRARIES = YES;
				BUNDLE_LOADER = "$(TEST_HOST)";
				CODE_SIGN_STYLE = Automatic;
				DEVELOPMENT_TEAM = X7VAV4CD49;
				INFOPLIST_FILE = MacReaderTests/Info.plist;
				IPHONEOS_DEPLOYMENT_TARGET = 14.5;
				LD_RUNPATH_SEARCH_PATHS = (
					"$(inherited)",
					"@executable_path/Frameworks",
					"@loader_path/Frameworks",
				);
				PRODUCT_BUNDLE_IDENTIFIER = org.aill.MacReaderTests;
				PRODUCT_NAME = "$(TARGET_NAME)";
				SWIFT_VERSION = 5.0;
				TARGETED_DEVICE_FAMILY = "1,2";
				TEST_HOST = "$(BUILT_PRODUCTS_DIR)/MacReader.app/MacReader";
			};
			name = Release;
		};
		B9D3C6962697CDB800EAAE37 /* Debug */ = {
			isa = XCBuildConfiguration;
			baseConfigurationReference = 72A36C38BC35F7490A33BB08 /* Pods-MacReader-MacReaderUITests.debug.xcconfig */;
			buildSettings = {
				ALWAYS_EMBED_SWIFT_STANDARD_LIBRARIES = YES;
				CODE_SIGN_STYLE = Automatic;
				DEVELOPMENT_TEAM = X7VAV4CD49;
				INFOPLIST_FILE = MacReaderUITests/Info.plist;
				LD_RUNPATH_SEARCH_PATHS = (
					"$(inherited)",
					"@executable_path/Frameworks",
					"@loader_path/Frameworks",
				);
				PRODUCT_BUNDLE_IDENTIFIER = org.aill.MacReaderUITests;
				PRODUCT_NAME = "$(TARGET_NAME)";
				SWIFT_VERSION = 5.0;
				TARGETED_DEVICE_FAMILY = "1,2";
				TEST_TARGET_NAME = MacReader;
			};
			name = Debug;
		};
		B9D3C6972697CDB800EAAE37 /* Release */ = {
			isa = XCBuildConfiguration;
			baseConfigurationReference = 41D0DEF6780823C0E18D4C8D /* Pods-MacReader-MacReaderUITests.release.xcconfig */;
			buildSettings = {
				ALWAYS_EMBED_SWIFT_STANDARD_LIBRARIES = YES;
				CODE_SIGN_STYLE = Automatic;
				DEVELOPMENT_TEAM = X7VAV4CD49;
				INFOPLIST_FILE = MacReaderUITests/Info.plist;
				LD_RUNPATH_SEARCH_PATHS = (
					"$(inherited)",
					"@executable_path/Frameworks",
					"@loader_path/Frameworks",
				);
				PRODUCT_BUNDLE_IDENTIFIER = org.aill.MacReaderUITests;
				PRODUCT_NAME = "$(TARGET_NAME)";
				SWIFT_VERSION = 5.0;
				TARGETED_DEVICE_FAMILY = "1,2";
				TEST_TARGET_NAME = MacReader;
			};
			name = Release;
		};
/* End XCBuildConfiguration section */

/* Begin XCConfigurationList section */
		B95DAF8C2697D6F300AE4E7E /* Build configuration list for PBXNativeTarget "MacReaderDebug" */ = {
			isa = XCConfigurationList;
			buildConfigurations = (
				B95DAF8D2697D6F300AE4E7E /* Debug */,
				B95DAF8E2697D6F300AE4E7E /* Release */,
			);
			defaultConfigurationIsVisible = 0;
			defaultConfigurationName = Release;
		};
		B9D3C6602697CDB100EAAE37 /* Build configuration list for PBXProject "MacReader" */ = {
			isa = XCConfigurationList;
			buildConfigurations = (
				B9D3C68D2697CDB800EAAE37 /* Debug */,
				B9D3C68E2697CDB800EAAE37 /* Release */,
			);
			defaultConfigurationIsVisible = 0;
			defaultConfigurationName = Release;
		};
		B9D3C68F2697CDB800EAAE37 /* Build configuration list for PBXNativeTarget "MacReader" */ = {
			isa = XCConfigurationList;
			buildConfigurations = (
				B9D3C6902697CDB800EAAE37 /* Debug */,
				B9D3C6912697CDB800EAAE37 /* Release */,
			);
			defaultConfigurationIsVisible = 0;
			defaultConfigurationName = Release;
		};
		B9D3C6922697CDB800EAAE37 /* Build configuration list for PBXNativeTarget "MacReaderTests" */ = {
			isa = XCConfigurationList;
			buildConfigurations = (
				B9D3C6932697CDB800EAAE37 /* Debug */,
				B9D3C6942697CDB800EAAE37 /* Release */,
			);
			defaultConfigurationIsVisible = 0;
			defaultConfigurationName = Release;
		};
		B9D3C6952697CDB800EAAE37 /* Build configuration list for PBXNativeTarget "MacReaderUITests" */ = {
			isa = XCConfigurationList;
			buildConfigurations = (
				B9D3C6962697CDB800EAAE37 /* Debug */,
				B9D3C6972697CDB800EAAE37 /* Release */,
			);
			defaultConfigurationIsVisible = 0;
			defaultConfigurationName = Release;
		};
/* End XCConfigurationList section */
	};
	rootObject = B9D3C65D2697CDB100EAAE37 /* Project object */;
}
